
Microsoft Visual Studio Solution File, Format Version 12.00
# Visual Studio Version 16
VisualStudioVersion = 16.0.31515.178
MinimumVisualStudioVersion = 10.0.40219.1
Project("{9A19103F-16F7-4668-BE54-9A1E7A4F7556}") = "PersonService", "PersonService\PersonService.csproj", "{D39BDCDD-0BF2-4DE2-8012-90B7B8F29C03}"
EndProject
Project("{9A19103F-16F7-4668-BE54-9A1E7A4F7556}") = "PersonDetailsDisplay", "PersonDetailsDisplay\PersonDetailsDisplay.csproj", "{AA049DC2-9EED-47E0-9226-2B24153292B9}"
EndProject
Project("{9A19103F-16F7-4668-BE54-9A1E7A4F7556}") = "DataService", "DataService\DataService.csproj", "{074CD1B9-CCD9-4B20-9686-BD33583DBDA0}"
EndProject
Project("{9A19103F-16F7-4668-BE54-9A1E7A4F7556}") = "Domain", "Domain\Domain.csproj", "{47515086-E9CB-4B86-9D07-8278D0F3736A}"
EndProject
Project("{2150E333-8FDC-42A3-9474-1A3956D46DE8}") = "Solution Items", "Solution Items", "{54707EDE-BB49-4B29-A4E2-E02EA4F0A5BA}"
	ProjectSection(SolutionItems) = preProject
		.editorconfig = .editorconfig
	EndProjectSection
EndProject
Global
	GlobalSection(SolutionConfigurationPlatforms) = preSolution
		Debug|Any CPU = Debug|Any CPU
		Release|Any CPU = Release|Any CPU
	EndGlobalSection
	GlobalSection(ProjectConfigurationPlatforms) = postSolution
		{D39BDCDD-0BF2-4DE2-8012-90B7B8F29C03}.Debug|Any CPU.ActiveCfg = Debug|Any CPU
		{D39BDCDD-0BF2-4DE2-8012-90B7B8F29C03}.Debug|Any CPU.Build.0 = Debug|Any CPU
		{D39BDCDD-0BF2-4DE2-8012-90B7B8F29C03}.Release|Any CPU.ActiveCfg = Release|Any CPU
		{D39BDCDD-0BF2-4DE2-8012-90B7B8F29C03}.Release|Any CPU.Build.0 = Release|Any CPU
		{AA049DC2-9EED-47E0-9226-2B24153292B9}.Debug|Any CPU.ActiveCfg = Debug|Any CPU
		{AA049DC2-9EED-47E0-9226-2B24153292B9}.Debug|Any CPU.Build.0 = Debug|Any CPU
		{AA049DC2-9EED-47E0-9226-2B24153292B9}.Release|Any CPU.ActiveCfg = Release|Any CPU
		{AA049DC2-9EED-47E0-9226-2B24153292B9}.Release|Any CPU.Build.0 = Release|Any CPU
		{074CD1B9-CCD9-4B20-9686-BD33583DBDA0}.Debug|Any CPU.ActiveCfg = Debug|Any CPU
		{074CD1B9-CCD9-4B20-9686-BD33583DBDA0}.Debug|Any CPU.Build.0 = Debug|Any CPU
		{074CD1B9-CCD9-4B20-9686-BD33583DBDA0}.Release|Any CPU.ActiveCfg = Release|Any CPU
		{074CD1B9-CCD9-4B20-9686-BD33583DBDA0}.Release|Any CPU.Build.0 = Release|Any CPU
		{47515086-E9CB-4B86-9D07-8278D0F3736A}.Debug|Any CPU.ActiveCfg = Debug|Any CPU
		{47515086-E9CB-4B86-9D07-8278D0F3736A}.Debug|Any CPU.Build.0 = Debug|Any CPU
		{47515086-E9CB-4B86-9D07-8278D0F3736A}.Release|Any CPU.ActiveCfg = Release|Any CPU
		{47515086-E9CB-4B86-9D07-8278D0F3736A}.Release|Any CPU.Build.0 = Release|Any CPU
	EndGlobalSection
	GlobalSection(SolutionProperties) = preSolution
		HideSolutionNode = FALSE
	EndGlobalSection
	GlobalSection(ExtensibilityGlobals) = postSolution
		SolutionGuid = {6D793B0B-5D8F-4385-A4EF-2355DBC2BC7E}
	EndGlobalSection
EndGlobal
